
Microsoft Visual Studio Solution File, Format Version 12.00
# Visual Studio Version 16
VisualStudioVersion = 16.0.30503.244
MinimumVisualStudioVersion = 10.0.40219.1
Project("{FAE04EC0-301F-11D3-BF4B-00C04F79EFBC}") = "File_IO_OperationsDemo", "File_IO_OperationsDemo\File_IO_OperationsDemo.csproj", "{57400FF9-0DDF-4E59-AAB6-1A50B1AD33DC}"
EndProject
Global
	GlobalSection(SolutionConfigurationPlatforms) = preSolution
		Debug|Any CPU = Debug|Any CPU
		Release|Any CPU = Release|Any CPU
	EndGlobalSection
	GlobalSection(ProjectConfigurationPlatforms) = postSolution
		{57400FF9-0DDF-4E59-AAB6-1A50B1AD33DC}.Debug|Any CPU.ActiveCfg = Debug|Any CPU
		{57400FF9-0DDF-4E59-AAB6-1A50B1AD33DC}.Debug|Any CPU.Build.0 = Debug|Any CPU
		{57400FF9-0DDF-4E59-AAB6-1A50B1AD33DC}.Release|Any CPU.ActiveCfg = Release|Any CPU
		{57400FF9-0DDF-4E59-AAB6-1A50B1AD33DC}.Release|Any CPU.Build.0 = Release|Any CPU
	EndGlobalSection
	GlobalSection(SolutionProperties) = preSolution
		HideSolutionNode = FALSE
	EndGlobalSection
	GlobalSection(ExtensibilityGlobals) = postSolution
		SolutionGuid = {FF9DE766-E24E-4C60-92A3-FBB114D82308}
	EndGlobalSection
EndGlobal
